
Microsoft Visual Studio Solution File, Format Version 12.00
# Visual Studio Version 17
VisualStudioVersion = 17.10.34928.147
MinimumVisualStudioVersion = 10.0.40219.1
Project("{FAE04EC0-301F-11D3-BF4B-00C04F79EFBC}") = "Databinding1_ClassLibrary", "Databinding1_ClassLibrary\Databinding1_ClassLibrary.csproj", "{6E6E9B9C-E696-4338-A8BB-884C40F068A1}"
EndProject
Project("{FAE04EC0-301F-11D3-BF4B-00C04F79EFBC}") = "ToolsLibrary", "ToolsLibrary\ToolsLibrary.csproj", "{E975832C-F667-4A9C-8887-FD7F76314A10}"
EndProject
Global
	GlobalSection(SolutionConfigurationPlatforms) = preSolution
		Debug|Any CPU = Debug|Any CPU
		Release|Any CPU = Release|Any CPU
	EndGlobalSection
	GlobalSection(ProjectConfigurationPlatforms) = postSolution
		{6E6E9B9C-E696-4338-A8BB-884C40F068A1}.Debug|Any CPU.ActiveCfg = Debug|Any CPU
		{6E6E9B9C-E696-4338-A8BB-884C40F068A1}.Debug|Any CPU.Build.0 = Debug|Any CPU
		{6E6E9B9C-E696-4338-A8BB-884C40F068A1}.Release|Any CPU.ActiveCfg = Release|Any CPU
		{6E6E9B9C-E696-4338-A8BB-884C40F068A1}.Release|Any CPU.Build.0 = Release|Any CPU
		{E975832C-F667-4A9C-8887-FD7F76314A10}.Debug|Any CPU.ActiveCfg = Debug|Any CPU
		{E975832C-F667-4A9C-8887-FD7F76314A10}.Debug|Any CPU.Build.0 = Debug|Any CPU
		{E975832C-F667-4A9C-8887-FD7F76314A10}.Release|Any CPU.ActiveCfg = Release|Any CPU
		{E975832C-F667-4A9C-8887-FD7F76314A10}.Release|Any CPU.Build.0 = Release|Any CPU
	EndGlobalSection
	GlobalSection(SolutionProperties) = preSolution
		HideSolutionNode = FALSE
	EndGlobalSection
	GlobalSection(ExtensibilityGlobals) = postSolution
		SolutionGuid = {251D676B-C0B5-420F-9534-91F5A4465B14}
	EndGlobalSection
EndGlobal
